
Microsoft Visual Studio Solution File, Format Version 12.00
# Visual Studio Version 16
VisualStudioVersion = 16.0.31129.286
MinimumVisualStudioVersion = 10.0.40219.1
Project("{888888A0-9F3D-457C-B088-3A5042F75D52}") = "Guessing game", "Guessing game\Guessing game.pyproj", "{C2C5A465-03FC-424C-91A4-2BA38B8A27F5}"
EndProject
Global
	GlobalSection(SolutionConfigurationPlatforms) = preSolution
		Debug|Any CPU = Debug|Any CPU
		Release|Any CPU = Release|Any CPU
	EndGlobalSection
	GlobalSection(ProjectConfigurationPlatforms) = postSolution
		{C2C5A465-03FC-424C-91A4-2BA38B8A27F5}.Debug|Any CPU.ActiveCfg = Debug|Any CPU
		{C2C5A465-03FC-424C-91A4-2BA38B8A27F5}.Release|Any CPU.ActiveCfg = Release|Any CPU
	EndGlobalSection
	GlobalSection(SolutionProperties) = preSolution
		HideSolutionNode = FALSE
	EndGlobalSection
	GlobalSection(ExtensibilityGlobals) = postSolution
		SolutionGuid = {A7E741AC-F853-4DF3-BD72-8E11950020B0}
	EndGlobalSection
EndGlobal
